{
  "originHash" : "fb3965ea223b04b6dc13126418da9630b0d3ab2fe637da199e248cd2cb955dbb",
  "pins" : [
    {
      "identity" : "fxdkit",
      "kind" : "localSourceControl",
      "location" : "/Users/thckbrws/_WORK_fXceed/fXDKit",
      "state" : {
        "revision" : "82af1004e01a1262ad2a0c3baf2a369af7039c75",
        "version" : "1.0.1"
      }
    }
  ],
  "version" : 3
}
