{
  "originHash" : "90105b3811ebb959fc719205e8aef408129674c971c75962884a28b7ca08f4ba",
  "pins" : [
    {
      "identity" : "fxdkit",
      "kind" : "localSourceControl",
      "location" : "/Users/thckbrws/_WORK_fXceed/fXDKit",
      "state" : {
        "revision" : "7369daa3aacdf46fb3ace77a96374c903bc278a0",
        "version" : "1.0.0"
      }
    }
  ],
  "version" : 3
}
