{
  "originHash" : "7fd1028db97f4179e3b53c87d8140a55619e83c896febc50dd39f6bf9cd24b4a",
  "pins" : [
    {
      "identity" : "fxdkit",
      "kind" : "remoteSourceControl",
      "location" : "https://github.com/petershine/fXDKit",
      "state" : {
        "revision" : "82af1004e01a1262ad2a0c3baf2a369af7039c75",
        "version" : "1.0.1"
      }
    }
  ],
  "version" : 3
}
